// !$*UTF8*$!
{
	archiveVersion = 1;
	classes = {
	};
	objectVersion = 51;
	objects = {

/* Begin PBXBuildFile section */
		073FC29ECE4F5DF1B66AEB99 /* Pods_WhatsAppClone_WhatsAppCloneUITests.framework in Frameworks */ = {isa = PBXBuildFile; fileRef = 972577E22D92DD5997856E70 /* Pods_WhatsAppClone_WhatsAppCloneUITests.framework */; };
		3F662CA7972DA02BB9B93521 /* Pods_WhatsAppClone.framework in Frameworks */ = {isa = PBXBuildFile; fileRef = 3647B4DDB11A1E7D787BF5C9 /* Pods_WhatsAppClone.framework */; };
		A45288DD266A9E5100123B41 /* Dialogue.swift in Sources */ = {isa = PBXBuildFile; fileRef = A45288DC266A9E5100123B41 /* Dialogue.swift */; };
		A45288E2266AAC9400123B41 /* ChatListTableViewCell.swift in Sources */ = {isa = PBXBuildFile; fileRef = A45288E1266AAC9400123B41 /* ChatListTableViewCell.swift */; };
		A4528912266AB1FA00123B41 /* NewConversationViewController.swift in Sources */ = {isa = PBXBuildFile; fileRef = A4528911266AB1FA00123B41 /* NewConversationViewController.swift */; };
		A46B2E2E267257270072764E /* ConversationViewController.swift in Sources */ = {isa = PBXBuildFile; fileRef = A46B2E2D267257270072764E /* ConversationViewController.swift */; };
		A4AD5C6426669146006499B9 /* CountrySelectorViewController.swift in Sources */ = {isa = PBXBuildFile; fileRef = A4AD5C6326669146006499B9 /* CountrySelectorViewController.swift */; };
		A4D71870266636BB006DFDF2 /* AppDelegate.swift in Sources */ = {isa = PBXBuildFile; fileRef = A4D7186F266636BB006DFDF2 /* AppDelegate.swift */; };
		A4D71874266636BB006DFDF2 /* ChatsViewController.swift in Sources */ = {isa = PBXBuildFile; fileRef = A4D71873266636BB006DFDF2 /* ChatsViewController.swift */; };
		A4D71879266636BC006DFDF2 /* Assets.xcassets in Resources */ = {isa = PBXBuildFile; fileRef = A4D71878266636BC006DFDF2 /* Assets.xcassets */; };
		A4D7187C266636BC006DFDF2 /* LaunchScreen.storyboard in Resources */ = {isa = PBXBuildFile; fileRef = A4D7187A266636BC006DFDF2 /* LaunchScreen.storyboard */; };
		A4D71887266636BC006DFDF2 /* WhatsAppCloneTests.swift in Sources */ = {isa = PBXBuildFile; fileRef = A4D71886266636BC006DFDF2 /* WhatsAppCloneTests.swift */; };
		A4D71892266636BC006DFDF2 /* WhatsAppCloneUITests.swift in Sources */ = {isa = PBXBuildFile; fileRef = A4D71891266636BC006DFDF2 /* WhatsAppCloneUITests.swift */; };
		A4D718A626663A4E006DFDF2 /* UserModel.swift in Sources */ = {isa = PBXBuildFile; fileRef = A4D718A526663A4E006DFDF2 /* UserModel.swift */; };
		A4D718AB26663BD3006DFDF2 /* LoginViewController.swift in Sources */ = {isa = PBXBuildFile; fileRef = A4D718AA26663BD3006DFDF2 /* LoginViewController.swift */; };
		A4D718C526664015006DFDF2 /* UserDefaults+isFirstLaunch.swift in Sources */ = {isa = PBXBuildFile; fileRef = A4D718C426664015006DFDF2 /* UserDefaults+isFirstLaunch.swift */; };
		A4D718D526664599006DFDF2 /* UIColor+Extensions.swift in Sources */ = {isa = PBXBuildFile; fileRef = A4D718D426664599006DFDF2 /* UIColor+Extensions.swift */; };
		A4D718DA2666478A006DFDF2 /* VC.swift in Sources */ = {isa = PBXBuildFile; fileRef = A4D718D92666478A006DFDF2 /* VC.swift */; };
		A4D718ED266656BE006DFDF2 /* Locale+regionCodes.swift in Sources */ = {isa = PBXBuildFile; fileRef = A4D718EC266656BE006DFDF2 /* Locale+regionCodes.swift */; };
		A4E821EA2666938000384163 /* Dictionary+someKeys.swift in Sources */ = {isa = PBXBuildFile; fileRef = A4E821E92666938000384163 /* Dictionary+someKeys.swift */; };
		A4E821FD2667B5DE00384163 /* SearchableCountrySelectorViewController.swift in Sources */ = {isa = PBXBuildFile; fileRef = A4E821FC2667B5DE00384163 /* SearchableCountrySelectorViewController.swift */; };
		A4E822262668F67D00384163 /* GoogleService-Info.plist in Resources */ = {isa = PBXBuildFile; fileRef = A4E822252668F67D00384163 /* GoogleService-Info.plist */; };
		A4E822422668FA4D00384163 /* VerificationCodeViewController.swift in Sources */ = {isa = PBXBuildFile; fileRef = A4E822412668FA4D00384163 /* VerificationCodeViewController.swift */; };
		A4E8225D2669064800384163 /* CreateUserViewController.swift in Sources */ = {isa = PBXBuildFile; fileRef = A4E8225C2669064800384163 /* CreateUserViewController.swift */; };
		A4E8226C2669100000384163 /* ImagePicker.swift in Sources */ = {isa = PBXBuildFile; fileRef = A4E8226B2669100000384163 /* ImagePicker.swift */; };
		A4E82277266910F000384163 /* UIImage+withRoundedCorners.swift in Sources */ = {isa = PBXBuildFile; fileRef = A4E82276266910F000384163 /* UIImage+withRoundedCorners.swift */; };
		A4E8228C266915DD00384163 /* UserService.swift in Sources */ = {isa = PBXBuildFile; fileRef = A4E8228B266915DD00384163 /* UserService.swift */; };
		A4E8229426692CA000384163 /* ProfilePhotoService.swift in Sources */ = {isa = PBXBuildFile; fileRef = A4E8229326692CA000384163 /* ProfilePhotoService.swift */; };
		A4E8229A26692D2E00384163 /* Constants.swift in Sources */ = {isa = PBXBuildFile; fileRef = A4E8229926692D2E00384163 /* Constants.swift */; };
		FFB3962AABC9F8FE16C0BD41 /* Pods_WhatsAppCloneTests.framework in Frameworks */ = {isa = PBXBuildFile; fileRef = DA46C0B28185084A81AFAD94 /* Pods_WhatsAppCloneTests.framework */; };
/* End PBXBuildFile section */

/* Begin PBXContainerItemProxy section */
		A4D71883266636BC006DFDF2 /* PBXContainerItemProxy */ = {
			isa = PBXContainerItemProxy;
			containerPortal = A4D71864266636BB006DFDF2 /* Project object */;
			proxyType = 1;
			remoteGlobalIDString = A4D7186B266636BB006DFDF2;
			remoteInfo = WhatsAppClone;
		};
		A4D7188E266636BC006DFDF2 /* PBXContainerItemProxy */ = {
			isa = PBXContainerItemProxy;
			containerPortal = A4D71864266636BB006DFDF2 /* Project object */;
			proxyType = 1;
			remoteGlobalIDString = A4D7186B266636BB006DFDF2;
			remoteInfo = WhatsAppClone;
		};
/* End PBXContainerItemProxy section */

/* Begin PBXFileReference section */
		19ED37FA0E8D0906D5A5ADAA /* Pods-WhatsAppCloneTests.debug.xcconfig */ = {isa = PBXFileReference; includeInIndex = 1; lastKnownFileType = text.xcconfig; name = "Pods-WhatsAppCloneTests.debug.xcconfig"; path = "Target Support Files/Pods-WhatsAppCloneTests/Pods-WhatsAppCloneTests.debug.xcconfig"; sourceTree = "<group>"; };
		3647B4DDB11A1E7D787BF5C9 /* Pods_WhatsAppClone.framework */ = {isa = PBXFileReference; explicitFileType = wrapper.framework; includeInIndex = 0; path = Pods_WhatsAppClone.framework; sourceTree = BUILT_PRODUCTS_DIR; };
		37214441D07F187656E4DE3D /* Pods-WhatsAppClone-WhatsAppCloneUITests.debug.xcconfig */ = {isa = PBXFileReference; includeInIndex = 1; lastKnownFileType = text.xcconfig; name = "Pods-WhatsAppClone-WhatsAppCloneUITests.debug.xcconfig"; path = "Target Support Files/Pods-WhatsAppClone-WhatsAppCloneUITests/Pods-WhatsAppClone-WhatsAppCloneUITests.debug.xcconfig"; sourceTree = "<group>"; };
		7D7F6E187B5C752CBD71CFE6 /* Pods-WhatsAppClone.debug.xcconfig */ = {isa = PBXFileReference; includeInIndex = 1; lastKnownFileType = text.xcconfig; name = "Pods-WhatsAppClone.debug.xcconfig"; path = "Target Support Files/Pods-WhatsAppClone/Pods-WhatsAppClone.debug.xcconfig"; sourceTree = "<group>"; };
		887C01BA35B35CFC364AEFF1 /* Pods-WhatsAppClone.release.xcconfig */ = {isa = PBXFileReference; includeInIndex = 1; lastKnownFileType = text.xcconfig; name = "Pods-WhatsAppClone.release.xcconfig"; path = "Target Support Files/Pods-WhatsAppClone/Pods-WhatsAppClone.release.xcconfig"; sourceTree = "<group>"; };
		972577E22D92DD5997856E70 /* Pods_WhatsAppClone_WhatsAppCloneUITests.framework */ = {isa = PBXFileReference; explicitFileType = wrapper.framework; includeInIndex = 0; path = Pods_WhatsAppClone_WhatsAppCloneUITests.framework; sourceTree = BUILT_PRODUCTS_DIR; };
		A0D47E3238DF2674C137C7ED /* Pods-WhatsAppCloneTests.release.xcconfig */ = {isa = PBXFileReference; includeInIndex = 1; lastKnownFileType = text.xcconfig; name = "Pods-WhatsAppCloneTests.release.xcconfig"; path = "Target Support Files/Pods-WhatsAppCloneTests/Pods-WhatsAppCloneTests.release.xcconfig"; sourceTree = "<group>"; };
		A45288DC266A9E5100123B41 /* Dialogue.swift */ = {isa = PBXFileReference; lastKnownFileType = sourcecode.swift; path = Dialogue.swift; sourceTree = "<group>"; };
		A45288E1266AAC9400123B41 /* ChatListTableViewCell.swift */ = {isa = PBXFileReference; lastKnownFileType = sourcecode.swift; path = ChatListTableViewCell.swift; sourceTree = "<group>"; };
		A4528911266AB1FA00123B41 /* NewConversationViewController.swift */ = {isa = PBXFileReference; lastKnownFileType = sourcecode.swift; path = NewConversationViewController.swift; sourceTree = "<group>"; };
		A46B2E2D267257270072764E /* ConversationViewController.swift */ = {isa = PBXFileReference; lastKnownFileType = sourcecode.swift; path = ConversationViewController.swift; sourceTree = "<group>"; };
		A4AD5C6326669146006499B9 /* CountrySelectorViewController.swift */ = {isa = PBXFileReference; lastKnownFileType = sourcecode.swift; path = CountrySelectorViewController.swift; sourceTree = "<group>"; };
		A4D7186C266636BB006DFDF2 /* WhatsAppClone.app */ = {isa = PBXFileReference; explicitFileType = wrapper.application; includeInIndex = 0; path = WhatsAppClone.app; sourceTree = BUILT_PRODUCTS_DIR; };
		A4D7186F266636BB006DFDF2 /* AppDelegate.swift */ = {isa = PBXFileReference; lastKnownFileType = sourcecode.swift; path = AppDelegate.swift; sourceTree = "<group>"; };
		A4D71873266636BB006DFDF2 /* ChatsViewController.swift */ = {isa = PBXFileReference; lastKnownFileType = sourcecode.swift; path = ChatsViewController.swift; sourceTree = "<group>"; };
		A4D71878266636BC006DFDF2 /* Assets.xcassets */ = {isa = PBXFileReference; lastKnownFileType = folder.assetcatalog; path = Assets.xcassets; sourceTree = "<group>"; };
		A4D7187B266636BC006DFDF2 /* Base */ = {isa = PBXFileReference; lastKnownFileType = file.storyboard; name = Base; path = Base.lproj/LaunchScreen.storyboard; sourceTree = "<group>"; };
		A4D7187D266636BC006DFDF2 /* Info.plist */ = {isa = PBXFileReference; lastKnownFileType = text.plist.xml; path = Info.plist; sourceTree = "<group>"; };
		A4D71882266636BC006DFDF2 /* WhatsAppCloneTests.xctest */ = {isa = PBXFileReference; explicitFileType = wrapper.cfbundle; includeInIndex = 0; path = WhatsAppCloneTests.xctest; sourceTree = BUILT_PRODUCTS_DIR; };
		A4D71886266636BC006DFDF2 /* WhatsAppCloneTests.swift */ = {isa = PBXFileReference; lastKnownFileType = sourcecode.swift; path = WhatsAppCloneTests.swift; sourceTree = "<group>"; };
		A4D71888266636BC006DFDF2 /* Info.plist */ = {isa = PBXFileReference; lastKnownFileType = text.plist.xml; path = Info.plist; sourceTree = "<group>"; };
		A4D7188D266636BC006DFDF2 /* WhatsAppCloneUITests.xctest */ = {isa = PBXFileReference; explicitFileType = wrapper.cfbundle; includeInIndex = 0; path = WhatsAppCloneUITests.xctest; sourceTree = BUILT_PRODUCTS_DIR; };
		A4D71891266636BC006DFDF2 /* WhatsAppCloneUITests.swift */ = {isa = PBXFileReference; lastKnownFileType = sourcecode.swift; path = WhatsAppCloneUITests.swift; sourceTree = "<group>"; };
		A4D71893266636BC006DFDF2 /* Info.plist */ = {isa = PBXFileReference; lastKnownFileType = text.plist.xml; path = Info.plist; sourceTree = "<group>"; };
		A4D718A526663A4E006DFDF2 /* UserModel.swift */ = {isa = PBXFileReference; lastKnownFileType = sourcecode.swift; path = UserModel.swift; sourceTree = "<group>"; };
		A4D718AA26663BD3006DFDF2 /* LoginViewController.swift */ = {isa = PBXFileReference; lastKnownFileType = sourcecode.swift; path = LoginViewController.swift; sourceTree = "<group>"; };
		A4D718C426664015006DFDF2 /* UserDefaults+isFirstLaunch.swift */ = {isa = PBXFileReference; lastKnownFileType = sourcecode.swift; path = "UserDefaults+isFirstLaunch.swift"; sourceTree = "<group>"; };
		A4D718D426664599006DFDF2 /* UIColor+Extensions.swift */ = {isa = PBXFileReference; lastKnownFileType = sourcecode.swift; path = "UIColor+Extensions.swift"; sourceTree = "<group>"; };
		A4D718D92666478A006DFDF2 /* VC.swift */ = {isa = PBXFileReference; lastKnownFileType = sourcecode.swift; path = VC.swift; sourceTree = "<group>"; };
		A4D718EC266656BE006DFDF2 /* Locale+regionCodes.swift */ = {isa = PBXFileReference; lastKnownFileType = sourcecode.swift; path = "Locale+regionCodes.swift"; sourceTree = "<group>"; };
		A4E821E92666938000384163 /* Dictionary+someKeys.swift */ = {isa = PBXFileReference; lastKnownFileType = sourcecode.swift; path = "Dictionary+someKeys.swift"; sourceTree = "<group>"; };
		A4E821FC2667B5DE00384163 /* SearchableCountrySelectorViewController.swift */ = {isa = PBXFileReference; lastKnownFileType = sourcecode.swift; path = SearchableCountrySelectorViewController.swift; sourceTree = "<group>"; };
		A4E822252668F67D00384163 /* GoogleService-Info.plist */ = {isa = PBXFileReference; fileEncoding = 4; lastKnownFileType = text.plist.xml; name = "GoogleService-Info.plist"; path = "../../../Downloads/GoogleService-Info.plist"; sourceTree = "<group>"; };
		A4E8223A2668F8E400384163 /* WhatsAppClone.entitlements */ = {isa = PBXFileReference; lastKnownFileType = text.plist.entitlements; path = WhatsAppClone.entitlements; sourceTree = "<group>"; };
		A4E822412668FA4D00384163 /* VerificationCodeViewController.swift */ = {isa = PBXFileReference; lastKnownFileType = sourcecode.swift; path = VerificationCodeViewController.swift; sourceTree = "<group>"; };
		A4E8225C2669064800384163 /* CreateUserViewController.swift */ = {isa = PBXFileReference; lastKnownFileType = sourcecode.swift; path = CreateUserViewController.swift; sourceTree = "<group>"; };
		A4E8226B2669100000384163 /* ImagePicker.swift */ = {isa = PBXFileReference; lastKnownFileType = sourcecode.swift; path = ImagePicker.swift; sourceTree = "<group>"; };
		A4E82276266910F000384163 /* UIImage+withRoundedCorners.swift */ = {isa = PBXFileReference; lastKnownFileType = sourcecode.swift; path = "UIImage+withRoundedCorners.swift"; sourceTree = "<group>"; };
		A4E8228B266915DD00384163 /* UserService.swift */ = {isa = PBXFileReference; lastKnownFileType = sourcecode.swift; path = UserService.swift; sourceTree = "<group>"; };
		A4E8229326692CA000384163 /* ProfilePhotoService.swift */ = {isa = PBXFileReference; lastKnownFileType = sourcecode.swift; path = ProfilePhotoService.swift; sourceTree = "<group>"; };
		A4E8229926692D2E00384163 /* Constants.swift */ = {isa = PBXFileReference; lastKnownFileType = sourcecode.swift; path = Constants.swift; sourceTree = "<group>"; };
		C477F88931A999831EEB964A /* Pods-WhatsAppClone-WhatsAppCloneUITests.release.xcconfig */ = {isa = PBXFileReference; includeInIndex = 1; lastKnownFileType = text.xcconfig; name = "Pods-WhatsAppClone-WhatsAppCloneUITests.release.xcconfig"; path = "Target Support Files/Pods-WhatsAppClone-WhatsAppCloneUITests/Pods-WhatsAppClone-WhatsAppCloneUITests.release.xcconfig"; sourceTree = "<group>"; };
		DA46C0B28185084A81AFAD94 /* Pods_WhatsAppCloneTests.framework */ = {isa = PBXFileReference; explicitFileType = wrapper.framework; includeInIndex = 0; path = Pods_WhatsAppCloneTests.framework; sourceTree = BUILT_PRODUCTS_DIR; };
/* End PBXFileReference section */

/* Begin PBXFrameworksBuildPhase section */
		A4D71869266636BB006DFDF2 /* Frameworks */ = {
			isa = PBXFrameworksBuildPhase;
			buildActionMask = 2147483647;
			files = (
				3F662CA7972DA02BB9B93521 /* Pods_WhatsAppClone.framework in Frameworks */,
			);
			runOnlyForDeploymentPostprocessing = 0;
		};
		A4D7187F266636BC006DFDF2 /* Frameworks */ = {
			isa = PBXFrameworksBuildPhase;
			buildActionMask = 2147483647;
			files = (
				FFB3962AABC9F8FE16C0BD41 /* Pods_WhatsAppCloneTests.framework in Frameworks */,
			);
			runOnlyForDeploymentPostprocessing = 0;
		};
		A4D7188A266636BC006DFDF2 /* Frameworks */ = {
			isa = PBXFrameworksBuildPhase;
			buildActionMask = 2147483647;
			files = (
				073FC29ECE4F5DF1B66AEB99 /* Pods_WhatsAppClone_WhatsAppCloneUITests.framework in Frameworks */,
			);
			runOnlyForDeploymentPostprocessing = 0;
		};
/* End PBXFrameworksBuildPhase section */

/* Begin PBXGroup section */
		A4528906266AAF5F00123B41 /* ChatList */ = {
			isa = PBXGroup;
			children = (
				A4D71873266636BB006DFDF2 /* ChatsViewController.swift */,
				A45288E1266AAC9400123B41 /* ChatListTableViewCell.swift */,
			);
			path = ChatList;
			sourceTree = "<group>";
		};
		A452890A266AB10B00123B41 /* NewConversation */ = {
			isa = PBXGroup;
			children = (
				A4528911266AB1FA00123B41 /* NewConversationViewController.swift */,
			);
			path = NewConversation;
			sourceTree = "<group>";
		};
		A46B2E2B267256BE0072764E /* Modules */ = {
			isa = PBXGroup;
			children = (
				A46B2E2C267257120072764E /* Conversation */,
				A452890A266AB10B00123B41 /* NewConversation */,
				A4528906266AAF5F00123B41 /* ChatList */,
				A4E8220A2667CA5C00384163 /* Login */,
			);
			path = Modules;
			sourceTree = "<group>";
		};
		A46B2E2C267257120072764E /* Conversation */ = {
			isa = PBXGroup;
			children = (
				A46B2E2D267257270072764E /* ConversationViewController.swift */,
			);
			path = Conversation;
			sourceTree = "<group>";
		};
		A4D71863266636BB006DFDF2 = {
			isa = PBXGroup;
			children = (
				A4D7186E266636BB006DFDF2 /* WhatsAppClone */,
				A4D71890266636BC006DFDF2 /* WhatsAppCloneUITests */,
				A4D7186D266636BB006DFDF2 /* Products */,
				B12D39B429E56C0B1901559D /* Pods */,
				DA6D7285357DE97A1F92D9E2 /* Frameworks */,
			);
			sourceTree = "<group>";
		};
		A4D7186D266636BB006DFDF2 /* Products */ = {
			isa = PBXGroup;
			children = (
				A4D7186C266636BB006DFDF2 /* WhatsAppClone.app */,
				A4D71882266636BC006DFDF2 /* WhatsAppCloneTests.xctest */,
				A4D7188D266636BC006DFDF2 /* WhatsAppCloneUITests.xctest */,
			);
			name = Products;
			sourceTree = "<group>";
		};
		A4D7186E266636BB006DFDF2 /* WhatsAppClone */ = {
			isa = PBXGroup;
			children = (
				A4E8223A2668F8E400384163 /* WhatsAppClone.entitlements */,
				A4D7187D266636BC006DFDF2 /* Info.plist */,
				A4E822252668F67D00384163 /* GoogleService-Info.plist */,
				A4E8220F2667CA9000384163 /* Misc */,
				A46B2E2B267256BE0072764E /* Modules */,
				A4E8220B2667CA7600384163 /* Common */,
				A4E8226A26690FBE00384163 /* Services */,
				A4D718C026663FFB006DFDF2 /* Extensions */,
				A4D718B426663ECE006DFDF2 /* Models */,
			);
			path = WhatsAppClone;
			sourceTree = "<group>";
		};
		A4D71885266636BC006DFDF2 /* WhatsAppCloneTests */ = {
			isa = PBXGroup;
			children = (
				A4D71886266636BC006DFDF2 /* WhatsAppCloneTests.swift */,
				A4D71888266636BC006DFDF2 /* Info.plist */,
			);
			path = WhatsAppCloneTests;
			sourceTree = "<group>";
		};
		A4D71890266636BC006DFDF2 /* WhatsAppCloneUITests */ = {
			isa = PBXGroup;
			children = (
				A4D71891266636BC006DFDF2 /* WhatsAppCloneUITests.swift */,
				A4D71893266636BC006DFDF2 /* Info.plist */,
			);
			path = WhatsAppCloneUITests;
			sourceTree = "<group>";
		};
		A4D718B426663ECE006DFDF2 /* Models */ = {
			isa = PBXGroup;
			children = (
				A4D718A526663A4E006DFDF2 /* UserModel.swift */,
				A45288DC266A9E5100123B41 /* Dialogue.swift */,
			);
			path = Models;
			sourceTree = "<group>";
		};
		A4D718C026663FFB006DFDF2 /* Extensions */ = {
			isa = PBXGroup;
			children = (
				A4D718C426664015006DFDF2 /* UserDefaults+isFirstLaunch.swift */,
				A4D718D426664599006DFDF2 /* UIColor+Extensions.swift */,
				A4D718EC266656BE006DFDF2 /* Locale+regionCodes.swift */,
				A4E821E92666938000384163 /* Dictionary+someKeys.swift */,
				A4E82276266910F000384163 /* UIImage+withRoundedCorners.swift */,
			);
			path = Extensions;
			sourceTree = "<group>";
		};
		A4E821FB2667B5CA00384163 /* CountrySelector */ = {
			isa = PBXGroup;
			children = (
				A4AD5C6326669146006499B9 /* CountrySelectorViewController.swift */,
				A4E821FC2667B5DE00384163 /* SearchableCountrySelectorViewController.swift */,
			);
			path = CountrySelector;
			sourceTree = "<group>";
		};
		A4E8220A2667CA5C00384163 /* Login */ = {
			isa = PBXGroup;
			children = (
				A4D718AA26663BD3006DFDF2 /* LoginViewController.swift */,
				A4E822412668FA4D00384163 /* VerificationCodeViewController.swift */,
				A4E8225C2669064800384163 /* CreateUserViewController.swift */,
				A4D71885266636BC006DFDF2 /* WhatsAppCloneTests */,
				A4E821FB2667B5CA00384163 /* CountrySelector */,
			);
			path = Login;
			sourceTree = "<group>";
		};
		A4E8220B2667CA7600384163 /* Common */ = {
			isa = PBXGroup;
			children = (
				A4D718D92666478A006DFDF2 /* VC.swift */,
				A4E8226B2669100000384163 /* ImagePicker.swift */,
				A4E8229926692D2E00384163 /* Constants.swift */,
			);
			path = Common;
			sourceTree = "<group>";
		};
		A4E8220F2667CA9000384163 /* Misc */ = {
			isa = PBXGroup;
			children = (
				A4D7187A266636BC006DFDF2 /* LaunchScreen.storyboard */,
				A4D7186F266636BB006DFDF2 /* AppDelegate.swift */,
				A4D71878266636BC006DFDF2 /* Assets.xcassets */,
			);
			path = Misc;
			sourceTree = "<group>";
		};
		A4E8226A26690FBE00384163 /* Services */ = {
			isa = PBXGroup;
			children = (
				A4E8228B266915DD00384163 /* UserService.swift */,
				A4E8229326692CA000384163 /* ProfilePhotoService.swift */,
			);
			path = Services;
			sourceTree = "<group>";
		};
		B12D39B429E56C0B1901559D /* Pods */ = {
			isa = PBXGroup;
			children = (
				7D7F6E187B5C752CBD71CFE6 /* Pods-WhatsAppClone.debug.xcconfig */,
				887C01BA35B35CFC364AEFF1 /* Pods-WhatsAppClone.release.xcconfig */,
				37214441D07F187656E4DE3D /* Pods-WhatsAppClone-WhatsAppCloneUITests.debug.xcconfig */,
				C477F88931A999831EEB964A /* Pods-WhatsAppClone-WhatsAppCloneUITests.release.xcconfig */,
				19ED37FA0E8D0906D5A5ADAA /* Pods-WhatsAppCloneTests.debug.xcconfig */,
				A0D47E3238DF2674C137C7ED /* Pods-WhatsAppCloneTests.release.xcconfig */,
			);
			path = Pods;
			sourceTree = "<group>";
		};
		DA6D7285357DE97A1F92D9E2 /* Frameworks */ = {
			isa = PBXGroup;
			children = (
				3647B4DDB11A1E7D787BF5C9 /* Pods_WhatsAppClone.framework */,
				972577E22D92DD5997856E70 /* Pods_WhatsAppClone_WhatsAppCloneUITests.framework */,
				DA46C0B28185084A81AFAD94 /* Pods_WhatsAppCloneTests.framework */,
			);
			name = Frameworks;
			sourceTree = "<group>";
		};
/* End PBXGroup section */

/* Begin PBXNativeTarget section */
		A4D7186B266636BB006DFDF2 /* WhatsAppClone */ = {
			isa = PBXNativeTarget;
			buildConfigurationList = A4D71896266636BC006DFDF2 /* Build configuration list for PBXNativeTarget "WhatsAppClone" */;
			buildPhases = (
				B36BF65DF3A3D316F1C879BD /* [CP] Check Pods Manifest.lock */,
				A4D71868266636BB006DFDF2 /* Sources */,
				A4D71869266636BB006DFDF2 /* Frameworks */,
				A4D7186A266636BB006DFDF2 /* Resources */,
				D3E5900F358DE94F7DFC3F69 /* [CP] Embed Pods Frameworks */,
			);
			buildRules = (
			);
			dependencies = (
			);
			name = WhatsAppClone;
			productName = WhatsAppClone;
			productReference = A4D7186C266636BB006DFDF2 /* WhatsAppClone.app */;
			productType = "com.apple.product-type.application";
		};
		A4D71881266636BC006DFDF2 /* WhatsAppCloneTests */ = {
			isa = PBXNativeTarget;
			buildConfigurationList = A4D71899266636BC006DFDF2 /* Build configuration list for PBXNativeTarget "WhatsAppCloneTests" */;
			buildPhases = (
				F7B5E4FE951720A7C7DE6746 /* [CP] Check Pods Manifest.lock */,
				A4D7187E266636BC006DFDF2 /* Sources */,
				A4D7187F266636BC006DFDF2 /* Frameworks */,
				A4D71880266636BC006DFDF2 /* Resources */,
			);
			buildRules = (
			);
			dependencies = (
				A4D71884266636BC006DFDF2 /* PBXTargetDependency */,
			);
			name = WhatsAppCloneTests;
			productName = WhatsAppCloneTests;
			productReference = A4D71882266636BC006DFDF2 /* WhatsAppCloneTests.xctest */;
			productType = "com.apple.product-type.bundle.unit-test";
		};
		A4D7188C266636BC006DFDF2 /* WhatsAppCloneUITests */ = {
			isa = PBXNativeTarget;
			buildConfigurationList = A4D7189C266636BC006DFDF2 /* Build configuration list for PBXNativeTarget "WhatsAppCloneUITests" */;
			buildPhases = (
				C726D7554565763CBBAEB329 /* [CP] Check Pods Manifest.lock */,
				A4D71889266636BC006DFDF2 /* Sources */,
				A4D7188A266636BC006DFDF2 /* Frameworks */,
				A4D7188B266636BC006DFDF2 /* Resources */,
				ADA53EAF919C8695B1946BB6 /* [CP] Embed Pods Frameworks */,
			);
			buildRules = (
			);
			dependencies = (
				A4D7188F266636BC006DFDF2 /* PBXTargetDependency */,
			);
			name = WhatsAppCloneUITests;
			productName = WhatsAppCloneUITests;
			productReference = A4D7188D266636BC006DFDF2 /* WhatsAppCloneUITests.xctest */;
			productType = "com.apple.product-type.bundle.ui-testing";
		};
/* End PBXNativeTarget section */

/* Begin PBXProject section */
		A4D71864266636BB006DFDF2 /* Project object */ = {
			isa = PBXProject;
			attributes = {
				LastSwiftUpdateCheck = 1240;
				LastUpgradeCheck = 1240;
				TargetAttributes = {
					A4D7186B266636BB006DFDF2 = {
						CreatedOnToolsVersion = 12.4;
					};
					A4D71881266636BC006DFDF2 = {
						CreatedOnToolsVersion = 12.4;
						TestTargetID = A4D7186B266636BB006DFDF2;
					};
					A4D7188C266636BC006DFDF2 = {
						CreatedOnToolsVersion = 12.4;
						TestTargetID = A4D7186B266636BB006DFDF2;
					};
				};
			};
			buildConfigurationList = A4D71867266636BB006DFDF2 /* Build configuration list for PBXProject "WhatsAppClone" */;
			compatibilityVersion = "Xcode 9.3";
			developmentRegion = en;
			hasScannedForEncodings = 0;
			knownRegions = (
				en,
				Base,
			);
			mainGroup = A4D71863266636BB006DFDF2;
			productRefGroup = A4D7186D266636BB006DFDF2 /* Products */;
			projectDirPath = "";
			projectRoot = "";
			targets = (
				A4D7186B266636BB006DFDF2 /* WhatsAppClone */,
				A4D71881266636BC006DFDF2 /* WhatsAppCloneTests */,
				A4D7188C266636BC006DFDF2 /* WhatsAppCloneUITests */,
			);
		};
/* End PBXProject section */

/* Begin PBXResourcesBuildPhase section */
		A4D7186A266636BB006DFDF2 /* Resources */ = {
			isa = PBXResourcesBuildPhase;
			buildActionMask = 2147483647;
			files = (
				A4D7187C266636BC006DFDF2 /* LaunchScreen.storyboard in Resources */,
				A4D71879266636BC006DFDF2 /* Assets.xcassets in Resources */,
				A4E822262668F67D00384163 /* GoogleService-Info.plist in Resources */,
			);
			runOnlyForDeploymentPostprocessing = 0;
		};
		A4D71880266636BC006DFDF2 /* Resources */ = {
			isa = PBXResourcesBuildPhase;
			buildActionMask = 2147483647;
			files = (
			);
			runOnlyForDeploymentPostprocessing = 0;
		};
		A4D7188B266636BC006DFDF2 /* Resources */ = {
			isa = PBXResourcesBuildPhase;
			buildActionMask = 2147483647;
			files = (
			);
			runOnlyForDeploymentPostprocessing = 0;
		};
/* End PBXResourcesBuildPhase section */

/* Begin PBXShellScriptBuildPhase section */
		ADA53EAF919C8695B1946BB6 /* [CP] Embed Pods Frameworks */ = {
			isa = PBXShellScriptBuildPhase;
			buildActionMask = 2147483647;
			files = (
			);
			inputFileListPaths = (
				"${PODS_ROOT}/Target Support Files/Pods-WhatsAppClone-WhatsAppCloneUITests/Pods-WhatsAppClone-WhatsAppCloneUITests-frameworks-${CONFIGURATION}-input-files.xcfilelist",
			);
			name = "[CP] Embed Pods Frameworks";
			outputFileListPaths = (
				"${PODS_ROOT}/Target Support Files/Pods-WhatsAppClone-WhatsAppCloneUITests/Pods-WhatsAppClone-WhatsAppCloneUITests-frameworks-${CONFIGURATION}-output-files.xcfilelist",
			);
			runOnlyForDeploymentPostprocessing = 0;
			shellPath = /bin/sh;
			shellScript = "\"${PODS_ROOT}/Target Support Files/Pods-WhatsAppClone-WhatsAppCloneUITests/Pods-WhatsAppClone-WhatsAppCloneUITests-frameworks.sh\"\n";
			showEnvVarsInLog = 0;
		};
		B36BF65DF3A3D316F1C879BD /* [CP] Check Pods Manifest.lock */ = {
			isa = PBXShellScriptBuildPhase;
			buildActionMask = 2147483647;
			files = (
			);
			inputFileListPaths = (
			);
			inputPaths = (
				"${PODS_PODFILE_DIR_PATH}/Podfile.lock",
				"${PODS_ROOT}/Manifest.lock",
			);
			name = "[CP] Check Pods Manifest.lock";
			outputFileListPaths = (
			);
			outputPaths = (
				"$(DERIVED_FILE_DIR)/Pods-WhatsAppClone-checkManifestLockResult.txt",
			);
			runOnlyForDeploymentPostprocessing = 0;
			shellPath = /bin/sh;
			shellScript = "diff \"${PODS_PODFILE_DIR_PATH}/Podfile.lock\" \"${PODS_ROOT}/Manifest.lock\" > /dev/null\nif [ $? != 0 ] ; then\n    # print error to STDERR\n    echo \"error: The sandbox is not in sync with the Podfile.lock. Run 'pod install' or update your CocoaPods installation.\" >&2\n    exit 1\nfi\n# This output is used by Xcode 'outputs' to avoid re-running this script phase.\necho \"SUCCESS\" > \"${SCRIPT_OUTPUT_FILE_0}\"\n";
			showEnvVarsInLog = 0;
		};
		C726D7554565763CBBAEB329 /* [CP] Check Pods Manifest.lock */ = {
			isa = PBXShellScriptBuildPhase;
			buildActionMask = 2147483647;
			files = (
			);
			inputFileListPaths = (
			);
			inputPaths = (
				"${PODS_PODFILE_DIR_PATH}/Podfile.lock",
				"${PODS_ROOT}/Manifest.lock",
			);
			name = "[CP] Check Pods Manifest.lock";
			outputFileListPaths = (
			);
			outputPaths = (
				"$(DERIVED_FILE_DIR)/Pods-WhatsAppClone-WhatsAppCloneUITests-checkManifestLockResult.txt",
			);
			runOnlyForDeploymentPostprocessing = 0;
			shellPath = /bin/sh;
			shellScript = "diff \"${PODS_PODFILE_DIR_PATH}/Podfile.lock\" \"${PODS_ROOT}/Manifest.lock\" > /dev/null\nif [ $? != 0 ] ; then\n    # print error to STDERR\n    echo \"error: The sandbox is not in sync with the Podfile.lock. Run 'pod install' or update your CocoaPods installation.\" >&2\n    exit 1\nfi\n# This output is used by Xcode 'outputs' to avoid re-running this script phase.\necho \"SUCCESS\" > \"${SCRIPT_OUTPUT_FILE_0}\"\n";
			showEnvVarsInLog = 0;
		};
		D3E5900F358DE94F7DFC3F69 /* [CP] Embed Pods Frameworks */ = {
			isa = PBXShellScriptBuildPhase;
			buildActionMask = 2147483647;
			files = (
			);
			inputFileListPaths = (
				"${PODS_ROOT}/Target Support Files/Pods-WhatsAppClone/Pods-WhatsAppClone-frameworks-${CONFIGURATION}-input-files.xcfilelist",
			);
			name = "[CP] Embed Pods Frameworks";
			outputFileListPaths = (
				"${PODS_ROOT}/Target Support Files/Pods-WhatsAppClone/Pods-WhatsAppClone-frameworks-${CONFIGURATION}-output-files.xcfilelist",
			);
			runOnlyForDeploymentPostprocessing = 0;
			shellPath = /bin/sh;
			shellScript = "\"${PODS_ROOT}/Target Support Files/Pods-WhatsAppClone/Pods-WhatsAppClone-frameworks.sh\"\n";
			showEnvVarsInLog = 0;
		};
		F7B5E4FE951720A7C7DE6746 /* [CP] Check Pods Manifest.lock */ = {
			isa = PBXShellScriptBuildPhase;
			buildActionMask = 2147483647;
			files = (
			);
			inputFileListPaths = (
			);
			inputPaths = (
				"${PODS_PODFILE_DIR_PATH}/Podfile.lock",
				"${PODS_ROOT}/Manifest.lock",
			);
			name = "[CP] Check Pods Manifest.lock";
			outputFileListPaths = (
			);
			outputPaths = (
				"$(DERIVED_FILE_DIR)/Pods-WhatsAppCloneTests-checkManifestLockResult.txt",
			);
			runOnlyForDeploymentPostprocessing = 0;
			shellPath = /bin/sh;
			shellScript = "diff \"${PODS_PODFILE_DIR_PATH}/Podfile.lock\" \"${PODS_ROOT}/Manifest.lock\" > /dev/null\nif [ $? != 0 ] ; then\n    # print error to STDERR\n    echo \"error: The sandbox is not in sync with the Podfile.lock. Run 'pod install' or update your CocoaPods installation.\" >&2\n    exit 1\nfi\n# This output is used by Xcode 'outputs' to avoid re-running this script phase.\necho \"SUCCESS\" > \"${SCRIPT_OUTPUT_FILE_0}\"\n";
			showEnvVarsInLog = 0;
		};
/* End PBXShellScriptBuildPhase section */

/* Begin PBXSourcesBuildPhase section */
		A4D71868266636BB006DFDF2 /* Sources */ = {
			isa = PBXSourcesBuildPhase;
			buildActionMask = 2147483647;
			files = (
				A4E822422668FA4D00384163 /* VerificationCodeViewController.swift in Sources */,
				A45288E2266AAC9400123B41 /* ChatListTableViewCell.swift in Sources */,
				A4E821EA2666938000384163 /* Dictionary+someKeys.swift in Sources */,
				A4AD5C6426669146006499B9 /* CountrySelectorViewController.swift in Sources */,
				A4E8228C266915DD00384163 /* UserService.swift in Sources */,
				A4E8226C2669100000384163 /* ImagePicker.swift in Sources */,
				A4D718AB26663BD3006DFDF2 /* LoginViewController.swift in Sources */,
				A45288DD266A9E5100123B41 /* Dialogue.swift in Sources */,
				A4D71874266636BB006DFDF2 /* ChatsViewController.swift in Sources */,
				A4E821FD2667B5DE00384163 /* SearchableCountrySelectorViewController.swift in Sources */,
				A4D718A626663A4E006DFDF2 /* UserModel.swift in Sources */,
				A4D718DA2666478A006DFDF2 /* VC.swift in Sources */,
				A4D718D526664599006DFDF2 /* UIColor+Extensions.swift in Sources */,
				A4E8225D2669064800384163 /* CreateUserViewController.swift in Sources */,
				A4D718ED266656BE006DFDF2 /* Locale+regionCodes.swift in Sources */,
				A4528912266AB1FA00123B41 /* NewConversationViewController.swift in Sources */,
				A4E8229426692CA000384163 /* ProfilePhotoService.swift in Sources */,
				A4E82277266910F000384163 /* UIImage+withRoundedCorners.swift in Sources */,
				A4D718C526664015006DFDF2 /* UserDefaults+isFirstLaunch.swift in Sources */,
				A4D71870266636BB006DFDF2 /* AppDelegate.swift in Sources */,
				A46B2E2E267257270072764E /* ConversationViewController.swift in Sources */,
				A4E8229A26692D2E00384163 /* Constants.swift in Sources */,
			);
			runOnlyForDeploymentPostprocessing = 0;
		};
		A4D7187E266636BC006DFDF2 /* Sources */ = {
			isa = PBXSourcesBuildPhase;
			buildActionMask = 2147483647;
			files = (
				A4D71887266636BC006DFDF2 /* WhatsAppCloneTests.swift in Sources */,
			);
			runOnlyForDeploymentPostprocessing = 0;
		};
		A4D71889266636BC006DFDF2 /* Sources */ = {
			isa = PBXSourcesBuildPhase;
			buildActionMask = 2147483647;
			files = (
				A4D71892266636BC006DFDF2 /* WhatsAppCloneUITests.swift in Sources */,
			);
			runOnlyForDeploymentPostprocessing = 0;
		};
/* End PBXSourcesBuildPhase section */

/* Begin PBXTargetDependency section */
		A4D71884266636BC006DFDF2 /* PBXTargetDependency */ = {
			isa = PBXTargetDependency;
			target = A4D7186B266636BB006DFDF2 /* WhatsAppClone */;
			targetProxy = A4D71883266636BC006DFDF2 /* PBXContainerItemProxy */;
		};
		A4D7188F266636BC006DFDF2 /* PBXTargetDependency */ = {
			isa = PBXTargetDependency;
			target = A4D7186B266636BB006DFDF2 /* WhatsAppClone */;
			targetProxy = A4D7188E266636BC006DFDF2 /* PBXContainerItemProxy */;
		};
/* End PBXTargetDependency section */

/* Begin PBXVariantGroup section */
		A4D7187A266636BC006DFDF2 /* LaunchScreen.storyboard */ = {
			isa = PBXVariantGroup;
			children = (
				A4D7187B266636BC006DFDF2 /* Base */,
			);
			name = LaunchScreen.storyboard;
			sourceTree = "<group>";
		};
/* End PBXVariantGroup section */

/* Begin XCBuildConfiguration section */
		A4D71894266636BC006DFDF2 /* Debug */ = {
			isa = XCBuildConfiguration;
			buildSettings = {
				ALWAYS_SEARCH_USER_PATHS = NO;
				CLANG_ANALYZER_NONNULL = YES;
				CLANG_ANALYZER_NUMBER_OBJECT_CONVERSION = YES_AGGRESSIVE;
				CLANG_CXX_LANGUAGE_STANDARD = "gnu++14";
				CLANG_CXX_LIBRARY = "libc++";
				CLANG_ENABLE_MODULES = YES;
				CLANG_ENABLE_OBJC_ARC = YES;
				CLANG_ENABLE_OBJC_WEAK = YES;
				CLANG_WARN_BLOCK_CAPTURE_AUTORELEASING = YES;
				CLANG_WARN_BOOL_CONVERSION = YES;
				CLANG_WARN_COMMA = YES;
				CLANG_WARN_CONSTANT_CONVERSION = YES;
				CLANG_WARN_DEPRECATED_OBJC_IMPLEMENTATIONS = YES;
				CLANG_WARN_DIRECT_OBJC_ISA_USAGE = YES_ERROR;
				CLANG_WARN_DOCUMENTATION_COMMENTS = YES;
				CLANG_WARN_EMPTY_BODY = YES;
				CLANG_WARN_ENUM_CONVERSION = YES;
				CLANG_WARN_INFINITE_RECURSION = YES;
				CLANG_WARN_INT_CONVERSION = YES;
				CLANG_WARN_NON_LITERAL_NULL_CONVERSION = YES;
				CLANG_WARN_OBJC_IMPLICIT_RETAIN_SELF = YES;
				CLANG_WARN_OBJC_LITERAL_CONVERSION = YES;
				CLANG_WARN_OBJC_ROOT_CLASS = YES_ERROR;
				CLANG_WARN_QUOTED_INCLUDE_IN_FRAMEWORK_HEADER = YES;
				CLANG_WARN_RANGE_LOOP_ANALYSIS = YES;
				CLANG_WARN_STRICT_PROTOTYPES = YES;
				CLANG_WARN_SUSPICIOUS_MOVE = YES;
				CLANG_WARN_UNGUARDED_AVAILABILITY = YES_AGGRESSIVE;
				CLANG_WARN_UNREACHABLE_CODE = YES;
				CLANG_WARN__DUPLICATE_METHOD_MATCH = YES;
				COPY_PHASE_STRIP = NO;
				DEBUG_INFORMATION_FORMAT = dwarf;
				ENABLE_STRICT_OBJC_MSGSEND = YES;
				ENABLE_TESTABILITY = YES;
				GCC_C_LANGUAGE_STANDARD = gnu11;
				GCC_DYNAMIC_NO_PIC = NO;
				GCC_NO_COMMON_BLOCKS = YES;
				GCC_OPTIMIZATION_LEVEL = 0;
				GCC_PREPROCESSOR_DEFINITIONS = (
					"DEBUG=1",
					"$(inherited)",
				);
				GCC_WARN_64_TO_32_BIT_CONVERSION = YES;
				GCC_WARN_ABOUT_RETURN_TYPE = YES_ERROR;
				GCC_WARN_UNDECLARED_SELECTOR = YES;
				GCC_WARN_UNINITIALIZED_AUTOS = YES_AGGRESSIVE;
				GCC_WARN_UNUSED_FUNCTION = YES;
				GCC_WARN_UNUSED_VARIABLE = YES;
				IPHONEOS_DEPLOYMENT_TARGET = 14.4;
				MTL_ENABLE_DEBUG_INFO = INCLUDE_SOURCE;
				MTL_FAST_MATH = YES;
				ONLY_ACTIVE_ARCH = YES;
				SDKROOT = iphoneos;
				SWIFT_ACTIVE_COMPILATION_CONDITIONS = DEBUG;
				SWIFT_OPTIMIZATION_LEVEL = "-Onone";
			};
			name = Debug;
		};
		A4D71895266636BC006DFDF2 /* Release */ = {
			isa = XCBuildConfiguration;
			buildSettings = {
				ALWAYS_SEARCH_USER_PATHS = NO;
				CLANG_ANALYZER_NONNULL = YES;
				CLANG_ANALYZER_NUMBER_OBJECT_CONVERSION = YES_AGGRESSIVE;
				CLANG_CXX_LANGUAGE_STANDARD = "gnu++14";
				CLANG_CXX_LIBRARY = "libc++";
				CLANG_ENABLE_MODULES = YES;
				CLANG_ENABLE_OBJC_ARC = YES;
				CLANG_ENABLE_OBJC_WEAK = YES;
				CLANG_WARN_BLOCK_CAPTURE_AUTORELEASING = YES;
				CLANG_WARN_BOOL_CONVERSION = YES;
				CLANG_WARN_COMMA = YES;
				CLANG_WARN_CONSTANT_CONVERSION = YES;
				CLANG_WARN_DEPRECATED_OBJC_IMPLEMENTATIONS = YES;
				CLANG_WARN_DIRECT_OBJC_ISA_USAGE = YES_ERROR;
				CLANG_WARN_DOCUMENTATION_COMMENTS = YES;
				CLANG_WARN_EMPTY_BODY = YES;
				CLANG_WARN_ENUM_CONVERSION = YES;
				CLANG_WARN_INFINITE_RECURSION = YES;
				CLANG_WARN_INT_CONVERSION = YES;
				CLANG_WARN_NON_LITERAL_NULL_CONVERSION = YES;
				CLANG_WARN_OBJC_IMPLICIT_RETAIN_SELF = YES;
				CLANG_WARN_OBJC_LITERAL_CONVERSION = YES;
				CLANG_WARN_OBJC_ROOT_CLASS = YES_ERROR;
				CLANG_WARN_QUOTED_INCLUDE_IN_FRAMEWORK_HEADER = YES;
				CLANG_WARN_RANGE_LOOP_ANALYSIS = YES;
				CLANG_WARN_STRICT_PROTOTYPES = YES;
				CLANG_WARN_SUSPICIOUS_MOVE = YES;
				CLANG_WARN_UNGUARDED_AVAILABILITY = YES_AGGRESSIVE;
				CLANG_WARN_UNREACHABLE_CODE = YES;
				CLANG_WARN__DUPLICATE_METHOD_MATCH = YES;
				COPY_PHASE_STRIP = NO;
				DEBUG_INFORMATION_FORMAT = "dwarf-with-dsym";
				ENABLE_NS_ASSERTIONS = NO;
				ENABLE_STRICT_OBJC_MSGSEND = YES;
				GCC_C_LANGUAGE_STANDARD = gnu11;
				GCC_NO_COMMON_BLOCKS = YES;
				GCC_WARN_64_TO_32_BIT_CONVERSION = YES;
				GCC_WARN_ABOUT_RETURN_TYPE = YES_ERROR;
				GCC_WARN_UNDECLARED_SELECTOR = YES;
				GCC_WARN_UNINITIALIZED_AUTOS = YES_AGGRESSIVE;
				GCC_WARN_UNUSED_FUNCTION = YES;
				GCC_WARN_UNUSED_VARIABLE = YES;
				IPHONEOS_DEPLOYMENT_TARGET = 14.4;
				MTL_ENABLE_DEBUG_INFO = NO;
				MTL_FAST_MATH = YES;
				SDKROOT = iphoneos;
				SWIFT_COMPILATION_MODE = wholemodule;
				SWIFT_OPTIMIZATION_LEVEL = "-O";
				VALIDATE_PRODUCT = YES;
			};
			name = Release;
		};
		A4D71897266636BC006DFDF2 /* Debug */ = {
			isa = XCBuildConfiguration;
			baseConfigurationReference = 7D7F6E187B5C752CBD71CFE6 /* Pods-WhatsAppClone.debug.xcconfig */;
			buildSettings = {
				ASSETCATALOG_COMPILER_APPICON_NAME = AppIcon;
				ASSETCATALOG_COMPILER_GLOBAL_ACCENT_COLOR_NAME = AccentColor;
				CODE_SIGN_ENTITLEMENTS = WhatsAppClone/WhatsAppClone.entitlements;
				CODE_SIGN_STYLE = Automatic;
				DEVELOPMENT_TEAM = CMGKJSD9NW;
				INFOPLIST_FILE = WhatsAppClone/Info.plist;
				LD_RUNPATH_SEARCH_PATHS = (
					"$(inherited)",
					"@executable_path/Frameworks",
				);
				PRODUCT_BUNDLE_IDENTIFIER = com.shaburov.WhatsAppClone;
				PRODUCT_NAME = "$(TARGET_NAME)";
				SWIFT_VERSION = 5.0;
				TARGETED_DEVICE_FAMILY = "1,2";
			};
			name = Debug;
		};
		A4D71898266636BC006DFDF2 /* Release */ = {
			isa = XCBuildConfiguration;
			baseConfigurationReference = 887C01BA35B35CFC364AEFF1 /* Pods-WhatsAppClone.release.xcconfig */;
			buildSettings = {
				ASSETCATALOG_COMPILER_APPICON_NAME = AppIcon;
				ASSETCATALOG_COMPILER_GLOBAL_ACCENT_COLOR_NAME = AccentColor;
				CODE_SIGN_ENTITLEMENTS = WhatsAppClone/WhatsAppClone.entitlements;
				CODE_SIGN_STYLE = Automatic;
				DEVELOPMENT_TEAM = CMGKJSD9NW;
				INFOPLIST_FILE = WhatsAppClone/Info.plist;
				LD_RUNPATH_SEARCH_PATHS = (
					"$(inherited)",
					"@executable_path/Frameworks",
				);
				PRODUCT_BUNDLE_IDENTIFIER = com.shaburov.WhatsAppClone;
				PRODUCT_NAME = "$(TARGET_NAME)";
				SWIFT_VERSION = 5.0;
				TARGETED_DEVICE_FAMILY = "1,2";
			};
			name = Release;
		};
		A4D7189A266636BC006DFDF2 /* Debug */ = {
			isa = XCBuildConfiguration;
			baseConfigurationReference = 19ED37FA0E8D0906D5A5ADAA /* Pods-WhatsAppCloneTests.debug.xcconfig */;
			buildSettings = {
				ALWAYS_EMBED_SWIFT_STANDARD_LIBRARIES = YES;
				BUNDLE_LOADER = "$(TEST_HOST)";
				CODE_SIGN_STYLE = Automatic;
				DEVELOPMENT_TEAM = CMGKJSD9NW;
				INFOPLIST_FILE = WhatsAppCloneTests/Info.plist;
				IPHONEOS_DEPLOYMENT_TARGET = 14.4;
				LD_RUNPATH_SEARCH_PATHS = (
					"$(inherited)",
					"@executable_path/Frameworks",
					"@loader_path/Frameworks",
				);
				PRODUCT_BUNDLE_IDENTIFIER = com.shaburov.WhatsAppCloneTests;
				PRODUCT_NAME = "$(TARGET_NAME)";
				SWIFT_VERSION = 5.0;
				TARGETED_DEVICE_FAMILY = "1,2";
				TEST_HOST = "$(BUILT_PRODUCTS_DIR)/WhatsAppClone.app/WhatsAppClone";
			};
			name = Debug;
		};
		A4D7189B266636BC006DFDF2 /* Release */ = {
			isa = XCBuildConfiguration;
			baseConfigurationReference = A0D47E3238DF2674C137C7ED /* Pods-WhatsAppCloneTests.release.xcconfig */;
			buildSettings = {
				ALWAYS_EMBED_SWIFT_STANDARD_LIBRARIES = YES;
				BUNDLE_LOADER = "$(TEST_HOST)";
				CODE_SIGN_STYLE = Automatic;
				DEVELOPMENT_TEAM = CMGKJSD9NW;
				INFOPLIST_FILE = WhatsAppCloneTests/Info.plist;
				IPHONEOS_DEPLOYMENT_TARGET = 14.4;
				LD_RUNPATH_SEARCH_PATHS = (
					"$(inherited)",
					"@executable_path/Frameworks",
					"@loader_path/Frameworks",
				);
				PRODUCT_BUNDLE_IDENTIFIER = com.shaburov.WhatsAppCloneTests;
				PRODUCT_NAME = "$(TARGET_NAME)";
				SWIFT_VERSION = 5.0;
				TARGETED_DEVICE_FAMILY = "1,2";
				TEST_HOST = "$(BUILT_PRODUCTS_DIR)/WhatsAppClone.app/WhatsAppClone";
			};
			name = Release;
		};
		A4D7189D266636BC006DFDF2 /* Debug */ = {
			isa = XCBuildConfiguration;
			baseConfigurationReference = 37214441D07F187656E4DE3D /* Pods-WhatsAppClone-WhatsAppCloneUITests.debug.xcconfig */;
			buildSettings = {
				ALWAYS_EMBED_SWIFT_STANDARD_LIBRARIES = YES;
				CODE_SIGN_STYLE = Automatic;
				DEVELOPMENT_TEAM = CMGKJSD9NW;
				INFOPLIST_FILE = WhatsAppCloneUITests/Info.plist;
				LD_RUNPATH_SEARCH_PATHS = (
					"$(inherited)",
					"@executable_path/Frameworks",
					"@loader_path/Frameworks",
				);
				PRODUCT_BUNDLE_IDENTIFIER = com.shaburov.WhatsAppCloneUITests;
				PRODUCT_NAME = "$(TARGET_NAME)";
				SWIFT_VERSION = 5.0;
				TARGETED_DEVICE_FAMILY = "1,2";
				TEST_TARGET_NAME = WhatsAppClone;
			};
			name = Debug;
		};
		A4D7189E266636BC006DFDF2 /* Release */ = {
			isa = XCBuildConfiguration;
			baseConfigurationReference = C477F88931A999831EEB964A /* Pods-WhatsAppClone-WhatsAppCloneUITests.release.xcconfig */;
			buildSettings = {
				ALWAYS_EMBED_SWIFT_STANDARD_LIBRARIES = YES;
				CODE_SIGN_STYLE = Automatic;
				DEVELOPMENT_TEAM = CMGKJSD9NW;
				INFOPLIST_FILE = WhatsAppCloneUITests/Info.plist;
				LD_RUNPATH_SEARCH_PATHS = (
					"$(inherited)",
					"@executable_path/Frameworks",
					"@loader_path/Frameworks",
				);
				PRODUCT_BUNDLE_IDENTIFIER = com.shaburov.WhatsAppCloneUITests;
				PRODUCT_NAME = "$(TARGET_NAME)";
				SWIFT_VERSION = 5.0;
				TARGETED_DEVICE_FAMILY = "1,2";
				TEST_TARGET_NAME = WhatsAppClone;
			};
			name = Release;
		};
/* End XCBuildConfiguration section */

/* Begin XCConfigurationList section */
		A4D71867266636BB006DFDF2 /* Build configuration list for PBXProject "WhatsAppClone" */ = {
			isa = XCConfigurationList;
			buildConfigurations = (
				A4D71894266636BC006DFDF2 /* Debug */,
				A4D71895266636BC006DFDF2 /* Release */,
			);
			defaultConfigurationIsVisible = 0;
			defaultConfigurationName = Release;
		};
		A4D71896266636BC006DFDF2 /* Build configuration list for PBXNativeTarget "WhatsAppClone" */ = {
			isa = XCConfigurationList;
			buildConfigurations = (
				A4D71897266636BC006DFDF2 /* Debug */,
				A4D71898266636BC006DFDF2 /* Release */,
			);
			defaultConfigurationIsVisible = 0;
			defaultConfigurationName = Release;
		};
		A4D71899266636BC006DFDF2 /* Build configuration list for PBXNativeTarget "WhatsAppCloneTests" */ = {
			isa = XCConfigurationList;
			buildConfigurations = (
				A4D7189A266636BC006DFDF2 /* Debug */,
				A4D7189B266636BC006DFDF2 /* Release */,
			);
			defaultConfigurationIsVisible = 0;
			defaultConfigurationName = Release;
		};
		A4D7189C266636BC006DFDF2 /* Build configuration list for PBXNativeTarget "WhatsAppCloneUITests" */ = {
			isa = XCConfigurationList;
			buildConfigurations = (
				A4D7189D266636BC006DFDF2 /* Debug */,
				A4D7189E266636BC006DFDF2 /* Release */,
			);
			defaultConfigurationIsVisible = 0;
			defaultConfigurationName = Release;
		};
/* End XCConfigurationList section */
	};
	rootObject = A4D71864266636BB006DFDF2 /* Project object */;
}
